
Microsoft Visual Studio Solution File, Format Version 12.00
Project("{FAE04EC0-301F-11D3-BF4B-00C04F79EFBC}") = "MiniProgrammingLanguage.Core", "MiniProgrammingLanguage.Core\MiniProgrammingLanguage.Core.csproj", "{A51F9181-E300-4154-BC09-A14B843427FE}"
EndProject
Project("{FAE04EC0-301F-11D3-BF4B-00C04F79EFBC}") = "MiniProgrammingLanguage.Tests", "MiniProgrammingLanguage.Tests\MiniProgrammingLanguage.Tests.csproj", "{6E91843D-0B48-4A25-B382-1EA64B7374AC}"
EndProject
Project("{FAE04EC0-301F-11D3-BF4B-00C04F79EFBC}") = "MiniProgrammingLanguage.Std", "MiniProgrammingLanguage.Std\MiniProgrammingLanguage.Std.csproj", "{DF2009B1-8E95-48A8-BD68-ED7EEA6543FA}"
EndProject
Project("{FAE04EC0-301F-11D3-BF4B-00C04F79EFBC}") = "MiniProgrammingLanguage.SharpKit", "MiniProgrammingLanguage.SharpKit\MiniProgrammingLanguage.SharpKit.csproj", "{4C43FE55-5F08-40E5-8924-2801B17DF913}"
EndProject
Global
	GlobalSection(SolutionConfigurationPlatforms) = preSolution
		Debug|Any CPU = Debug|Any CPU
		Release|Any CPU = Release|Any CPU
	EndGlobalSection
	GlobalSection(ProjectConfigurationPlatforms) = postSolution
		{A51F9181-E300-4154-BC09-A14B843427FE}.Debug|Any CPU.ActiveCfg = Debug|Any CPU
		{A51F9181-E300-4154-BC09-A14B843427FE}.Debug|Any CPU.Build.0 = Debug|Any CPU
		{A51F9181-E300-4154-BC09-A14B843427FE}.Release|Any CPU.ActiveCfg = Release|Any CPU
		{A51F9181-E300-4154-BC09-A14B843427FE}.Release|Any CPU.Build.0 = Release|Any CPU
		{6E91843D-0B48-4A25-B382-1EA64B7374AC}.Debug|Any CPU.ActiveCfg = Debug|Any CPU
		{6E91843D-0B48-4A25-B382-1EA64B7374AC}.Debug|Any CPU.Build.0 = Debug|Any CPU
		{6E91843D-0B48-4A25-B382-1EA64B7374AC}.Release|Any CPU.ActiveCfg = Release|Any CPU
		{6E91843D-0B48-4A25-B382-1EA64B7374AC}.Release|Any CPU.Build.0 = Release|Any CPU
		{DF2009B1-8E95-48A8-BD68-ED7EEA6543FA}.Debug|Any CPU.ActiveCfg = Debug|Any CPU
		{DF2009B1-8E95-48A8-BD68-ED7EEA6543FA}.Debug|Any CPU.Build.0 = Debug|Any CPU
		{DF2009B1-8E95-48A8-BD68-ED7EEA6543FA}.Release|Any CPU.ActiveCfg = Release|Any CPU
		{DF2009B1-8E95-48A8-BD68-ED7EEA6543FA}.Release|Any CPU.Build.0 = Release|Any CPU
		{4C43FE55-5F08-40E5-8924-2801B17DF913}.Debug|Any CPU.ActiveCfg = Debug|Any CPU
		{4C43FE55-5F08-40E5-8924-2801B17DF913}.Debug|Any CPU.Build.0 = Debug|Any CPU
		{4C43FE55-5F08-40E5-8924-2801B17DF913}.Release|Any CPU.ActiveCfg = Release|Any CPU
		{4C43FE55-5F08-40E5-8924-2801B17DF913}.Release|Any CPU.Build.0 = Release|Any CPU
	EndGlobalSection
EndGlobal
