
Microsoft Visual Studio Solution File, Format Version 12.00
Project("{FAE04EC0-301F-11D3-BF4B-00C04F79EFBC}") = "MiniProgrammingLanguage.Core", "MiniProgrammingLanguage.Core\MiniProgrammingLanguage.Core.csproj", "{A51F9181-E300-4154-BC09-A14B843427FE}"
EndProject
Project("{FAE04EC0-301F-11D3-BF4B-00C04F79EFBC}") = "MiniProgrammingLanguage.Tests", "MiniProgrammingLanguage.Tests\MiniProgrammingLanguage.Tests.csproj", "{6E91843D-0B48-4A25-B382-1EA64B7374AC}"
EndProject
Global
	GlobalSection(SolutionConfigurationPlatforms) = preSolution
		Debug|Any CPU = Debug|Any CPU
		Release|Any CPU = Release|Any CPU
	EndGlobalSection
	GlobalSection(ProjectConfigurationPlatforms) = postSolution
		{A51F9181-E300-4154-BC09-A14B843427FE}.Debug|Any CPU.ActiveCfg = Debug|Any CPU
		{A51F9181-E300-4154-BC09-A14B843427FE}.Debug|Any CPU.Build.0 = Debug|Any CPU
		{A51F9181-E300-4154-BC09-A14B843427FE}.Release|Any CPU.ActiveCfg = Release|Any CPU
		{A51F9181-E300-4154-BC09-A14B843427FE}.Release|Any CPU.Build.0 = Release|Any CPU
		{6E91843D-0B48-4A25-B382-1EA64B7374AC}.Debug|Any CPU.ActiveCfg = Debug|Any CPU
		{6E91843D-0B48-4A25-B382-1EA64B7374AC}.Debug|Any CPU.Build.0 = Debug|Any CPU
		{6E91843D-0B48-4A25-B382-1EA64B7374AC}.Release|Any CPU.ActiveCfg = Release|Any CPU
		{6E91843D-0B48-4A25-B382-1EA64B7374AC}.Release|Any CPU.Build.0 = Release|Any CPU
	EndGlobalSection
EndGlobal
